
Microsoft Visual Studio Solution File, Format Version 12.00
# Visual Studio Version 16
VisualStudioVersion = 16.0.31402.337
MinimumVisualStudioVersion = 10.0.40219.1
Project("{FAE04EC0-301F-11D3-BF4B-00C04F79EFBC}") = "Sorting for List", "Sorting for List\Sorting for List.csproj", "{990AE3E5-3D90-4B71-8AB0-46219DBCC3C5}"
EndProject
Global
	GlobalSection(SolutionConfigurationPlatforms) = preSolution
		Debug|Any CPU = Debug|Any CPU
		Release|Any CPU = Release|Any CPU
	EndGlobalSection
	GlobalSection(ProjectConfigurationPlatforms) = postSolution
		{990AE3E5-3D90-4B71-8AB0-46219DBCC3C5}.Debug|Any CPU.ActiveCfg = Debug|Any CPU
		{990AE3E5-3D90-4B71-8AB0-46219DBCC3C5}.Debug|Any CPU.Build.0 = Debug|Any CPU
		{990AE3E5-3D90-4B71-8AB0-46219DBCC3C5}.Release|Any CPU.ActiveCfg = Release|Any CPU
		{990AE3E5-3D90-4B71-8AB0-46219DBCC3C5}.Release|Any CPU.Build.0 = Release|Any CPU
	EndGlobalSection
	GlobalSection(SolutionProperties) = preSolution
		HideSolutionNode = FALSE
	EndGlobalSection
	GlobalSection(ExtensibilityGlobals) = postSolution
		SolutionGuid = {0DC0750E-B3BB-4A54-B468-4D33C6995552}
	EndGlobalSection
EndGlobal
